{
  "name": "woolworths-cli",
  "version": "1.0.0",
  "lockfileVersion": 3,
  "requires": true,
  "packages": {
    "": {
      "name": "woolworths-cli",
      "version": "1.0.0",
      "license": "MIT",
      "bin": {
        "woolies": "api-client.js"
      },
      "engines": {
        "node": ">=16"
      }
    }
  }
}
